Microsoft Visual Studio Solution File, Format Version 12.00
# Visual Studio 2012
Project("{FAE04EC0-301F-11D3-BF4B-00C04F79EFBC}") = "Godot", "godot\Godot.csproj", "{21485A41-4861-4A58-A0B8-098AF96C01A0}"
EndProject
Project("{F2A71F9B-5D33-465A-A702-920D77279786}") = "Fodot", "Fodot\Fodot.fsproj", "{F80DA405-AE12-4919-9C94-4DCEBD6773E8}"
EndProject
Global
	GlobalSection(SolutionConfigurationPlatforms) = preSolution
	Debug|Any CPU = Debug|Any CPU
	ExportDebug|Any CPU = ExportDebug|Any CPU
	ExportRelease|Any CPU = ExportRelease|Any CPU
	EndGlobalSection
	GlobalSection(ProjectConfigurationPlatforms) = postSolution
		{21485A41-4861-4A58-A0B8-098AF96C01A0}.Debug|Any CPU.ActiveCfg = Debug|Any CPU
		{21485A41-4861-4A58-A0B8-098AF96C01A0}.Debug|Any CPU.Build.0 = Debug|Any CPU
		{21485A41-4861-4A58-A0B8-098AF96C01A0}.ExportDebug|Any CPU.ActiveCfg = ExportDebug|Any CPU
		{21485A41-4861-4A58-A0B8-098AF96C01A0}.ExportDebug|Any CPU.Build.0 = ExportDebug|Any CPU
		{21485A41-4861-4A58-A0B8-098AF96C01A0}.ExportRelease|Any CPU.ActiveCfg = ExportRelease|Any CPU
		{21485A41-4861-4A58-A0B8-098AF96C01A0}.ExportRelease|Any CPU.Build.0 = ExportRelease|Any CPU
		{F80DA405-AE12-4919-9C94-4DCEBD6773E8}.Debug|Any CPU.ActiveCfg = Debug|Any CPU
		{F80DA405-AE12-4919-9C94-4DCEBD6773E8}.Debug|Any CPU.Build.0 = Debug|Any CPU
		{F80DA405-AE12-4919-9C94-4DCEBD6773E8}.ExportDebug|Any CPU.ActiveCfg = Debug|Any CPU
		{F80DA405-AE12-4919-9C94-4DCEBD6773E8}.ExportDebug|Any CPU.Build.0 = Debug|Any CPU
		{F80DA405-AE12-4919-9C94-4DCEBD6773E8}.ExportRelease|Any CPU.ActiveCfg = Debug|Any CPU
		{F80DA405-AE12-4919-9C94-4DCEBD6773E8}.ExportRelease|Any CPU.Build.0 = Debug|Any CPU
	EndGlobalSection
EndGlobal
