<Solution>
  <Configurations>
    <BuildType Name="Debug" />
    <BuildType Name="ExportDebug" />
    <BuildType Name="ExportRelease" />
  </Configurations>
  <Project Path="library/Fodot.Async/Fodot.Async.fsproj">
    <BuildType Project="Debug" />
  </Project>
  <Project Path="library/Fodot.Generator/Fodot.Generator.fsproj">
    <BuildType Project="Debug" />
  </Project>
  <Project Path="library/Fodot.Module/Fodot.Module.fsproj">
    <BuildType Project="Debug" />
  </Project>
  <Project Path="library/Fodot/Fodot.fsproj" />
    <BuildType Project="Debug" />
  <Project Path="library/Godot.Bridge/Godot.Bridge.csproj">
    <BuildType Project="Debug" />
  </Project>
  <Project Path="library/Godot.Common/Godot.Common.csproj">
    <BuildType Project="Debug" />
  </Project>
  <Project Path="project/Godot.csproj" />
  <Project Path="project/module/Fodot.Stage/Fodot.Stage.fsproj">
    <BuildType Project="Debug" />
  </Project>
</Solution>
