Microsoft Visual Studio Solution File, Format Version 12.00
# Visual Studio 2012
Project("{FAE04EC0-301F-11D3-BF4B-00C04F79EFBC}") = "Godot", "project\Godot.csproj", "{21485A41-4861-4A58-A0B8-098AF96C01A0}"
EndProject
Project("{FAE04EC0-301F-11D3-BF4B-00C04F79EFBC}") = "Godot.Bridge", "Godot.Bridge\Godot.Bridge.csproj", "{62437333-C264-4E53-B74B-779BD286ABF5}"
EndProject
Project("{F2A71F9B-5D33-465A-A702-920D77279786}") = "Fodot.Test", "Fodot.Test\Fodot.Test.fsproj", "{EA9A98F2-A225-4BF5-9274-2C9C010B9DE7}"
EndProject
Project("{F2A71F9B-5D33-465A-A702-920D77279786}") = "Fodot", "Fodot\Fodot.fsproj", "{865C5927-53BE-4BC7-8A81-31EE56275F23}"
EndProject
Project("{F2A71F9B-5D33-465A-A702-920D77279786}") = "Fodot.Async", "Fodot.Async\Fodot.Async.fsproj", "{FE4693A2-A9EA-488B-AFDE-F31526058311}"
EndProject
Project("{F2A71F9B-5D33-465A-A702-920D77279786}") = "Fodot.Common", "Fodot.Common\Fodot.Common.fsproj", "{98EA738B-8781-47EB-9584-B2665C4317DD}"
EndProject
Project("{F2A71F9B-5D33-465A-A702-920D77279786}") = "Fodot.Core", "Fodot.Core\Fodot.Core.fsproj", "{1134F25D-F20B-4FBE-95C4-FE2865A08E55}"
EndProject
Project("{F2A71F9B-5D33-465A-A702-920D77279786}") = "Fodot.System", "Fodot.System\Fodot.System.fsproj", "{E8D56776-DA8D-45DE-8528-F9A31BED980B}"
EndProject
Project("{F2A71F9B-5D33-465A-A702-920D77279786}") = "Fodot.Library", "project\library\Fodot.Library.fsproj", "{158B1ABD-3F70-491F-953A-097911CDFB0F}"
EndProject
Global
	GlobalSection(SolutionConfigurationPlatforms) = preSolution
	Debug|Any CPU = Debug|Any CPU
	ExportDebug|Any CPU = ExportDebug|Any CPU
	ExportRelease|Any CPU = ExportRelease|Any CPU
	EndGlobalSection
	GlobalSection(ProjectConfigurationPlatforms) = postSolution
		{21485A41-4861-4A58-A0B8-098AF96C01A0}.Debug|Any CPU.ActiveCfg = Debug|Any CPU
		{21485A41-4861-4A58-A0B8-098AF96C01A0}.Debug|Any CPU.Build.0 = Debug|Any CPU
		{21485A41-4861-4A58-A0B8-098AF96C01A0}.ExportDebug|Any CPU.ActiveCfg = ExportDebug|Any CPU
		{21485A41-4861-4A58-A0B8-098AF96C01A0}.ExportDebug|Any CPU.Build.0 = ExportDebug|Any CPU
		{21485A41-4861-4A58-A0B8-098AF96C01A0}.ExportRelease|Any CPU.ActiveCfg = ExportRelease|Any CPU
		{21485A41-4861-4A58-A0B8-098AF96C01A0}.ExportRelease|Any CPU.Build.0 = ExportRelease|Any CPU
		{62437333-C264-4E53-B74B-779BD286ABF5}.Debug|Any CPU.ActiveCfg = Debug|Any CPU
		{62437333-C264-4E53-B74B-779BD286ABF5}.Debug|Any CPU.Build.0 = Debug|Any CPU
		{62437333-C264-4E53-B74B-779BD286ABF5}.ExportDebug|Any CPU.ActiveCfg = Debug|Any CPU
		{62437333-C264-4E53-B74B-779BD286ABF5}.ExportDebug|Any CPU.Build.0 = Debug|Any CPU
		{62437333-C264-4E53-B74B-779BD286ABF5}.ExportRelease|Any CPU.ActiveCfg = Debug|Any CPU
		{62437333-C264-4E53-B74B-779BD286ABF5}.ExportRelease|Any CPU.Build.0 = Debug|Any CPU
		{EA9A98F2-A225-4BF5-9274-2C9C010B9DE7}.Debug|Any CPU.ActiveCfg = Debug|Any CPU
		{EA9A98F2-A225-4BF5-9274-2C9C010B9DE7}.Debug|Any CPU.Build.0 = Debug|Any CPU
		{EA9A98F2-A225-4BF5-9274-2C9C010B9DE7}.ExportDebug|Any CPU.ActiveCfg = Debug|Any CPU
		{EA9A98F2-A225-4BF5-9274-2C9C010B9DE7}.ExportDebug|Any CPU.Build.0 = Debug|Any CPU
		{EA9A98F2-A225-4BF5-9274-2C9C010B9DE7}.ExportRelease|Any CPU.ActiveCfg = Debug|Any CPU
		{EA9A98F2-A225-4BF5-9274-2C9C010B9DE7}.ExportRelease|Any CPU.Build.0 = Debug|Any CPU
		{865C5927-53BE-4BC7-8A81-31EE56275F23}.Debug|Any CPU.ActiveCfg = Debug|Any CPU
		{865C5927-53BE-4BC7-8A81-31EE56275F23}.Debug|Any CPU.Build.0 = Debug|Any CPU
		{865C5927-53BE-4BC7-8A81-31EE56275F23}.ExportDebug|Any CPU.ActiveCfg = ExportDebug|Any CPU
		{865C5927-53BE-4BC7-8A81-31EE56275F23}.ExportDebug|Any CPU.Build.0 = ExportDebug|Any CPU
		{865C5927-53BE-4BC7-8A81-31EE56275F23}.ExportRelease|Any CPU.ActiveCfg = ExportRelease|Any CPU
		{865C5927-53BE-4BC7-8A81-31EE56275F23}.ExportRelease|Any CPU.Build.0 = ExportRelease|Any CPU
		{FE4693A2-A9EA-488B-AFDE-F31526058311}.Debug|Any CPU.ActiveCfg = Debug|Any CPU
		{FE4693A2-A9EA-488B-AFDE-F31526058311}.Debug|Any CPU.Build.0 = Debug|Any CPU
		{FE4693A2-A9EA-488B-AFDE-F31526058311}.ExportDebug|Any CPU.ActiveCfg = ExportDebug|Any CPU
		{FE4693A2-A9EA-488B-AFDE-F31526058311}.ExportDebug|Any CPU.Build.0 = ExportDebug|Any CPU
		{FE4693A2-A9EA-488B-AFDE-F31526058311}.ExportRelease|Any CPU.ActiveCfg = ExportRelease|Any CPU
		{FE4693A2-A9EA-488B-AFDE-F31526058311}.ExportRelease|Any CPU.Build.0 = ExportRelease|Any CPU
		{98EA738B-8781-47EB-9584-B2665C4317DD}.Debug|Any CPU.ActiveCfg = Debug|Any CPU
		{98EA738B-8781-47EB-9584-B2665C4317DD}.Debug|Any CPU.Build.0 = Debug|Any CPU
		{98EA738B-8781-47EB-9584-B2665C4317DD}.ExportDebug|Any CPU.ActiveCfg = ExportDebug|Any CPU
		{98EA738B-8781-47EB-9584-B2665C4317DD}.ExportDebug|Any CPU.Build.0 = ExportDebug|Any CPU
		{98EA738B-8781-47EB-9584-B2665C4317DD}.ExportRelease|Any CPU.ActiveCfg = ExportRelease|Any CPU
		{98EA738B-8781-47EB-9584-B2665C4317DD}.ExportRelease|Any CPU.Build.0 = ExportRelease|Any CPU
		{1134F25D-F20B-4FBE-95C4-FE2865A08E55}.Debug|Any CPU.ActiveCfg = Debug|Any CPU
		{1134F25D-F20B-4FBE-95C4-FE2865A08E55}.Debug|Any CPU.Build.0 = Debug|Any CPU
		{1134F25D-F20B-4FBE-95C4-FE2865A08E55}.ExportDebug|Any CPU.ActiveCfg = ExportDebug|Any CPU
		{1134F25D-F20B-4FBE-95C4-FE2865A08E55}.ExportDebug|Any CPU.Build.0 = ExportDebug|Any CPU
		{1134F25D-F20B-4FBE-95C4-FE2865A08E55}.ExportRelease|Any CPU.ActiveCfg = ExportRelease|Any CPU
		{1134F25D-F20B-4FBE-95C4-FE2865A08E55}.ExportRelease|Any CPU.Build.0 = ExportRelease|Any CPU
		{E8D56776-DA8D-45DE-8528-F9A31BED980B}.Debug|Any CPU.ActiveCfg = Debug|Any CPU
		{E8D56776-DA8D-45DE-8528-F9A31BED980B}.Debug|Any CPU.Build.0 = Debug|Any CPU
		{E8D56776-DA8D-45DE-8528-F9A31BED980B}.ExportDebug|Any CPU.ActiveCfg = ExportDebug|Any CPU
		{E8D56776-DA8D-45DE-8528-F9A31BED980B}.ExportDebug|Any CPU.Build.0 = ExportDebug|Any CPU
		{E8D56776-DA8D-45DE-8528-F9A31BED980B}.ExportRelease|Any CPU.ActiveCfg = ExportRelease|Any CPU
		{E8D56776-DA8D-45DE-8528-F9A31BED980B}.ExportRelease|Any CPU.Build.0 = ExportRelease|Any CPU
		{158B1ABD-3F70-491F-953A-097911CDFB0F}.Debug|Any CPU.ActiveCfg = Debug|Any CPU
		{158B1ABD-3F70-491F-953A-097911CDFB0F}.Debug|Any CPU.Build.0 = Debug|Any CPU
		{158B1ABD-3F70-491F-953A-097911CDFB0F}.ExportDebug|Any CPU.ActiveCfg = ExportDebug|Any CPU
		{158B1ABD-3F70-491F-953A-097911CDFB0F}.ExportDebug|Any CPU.Build.0 = ExportDebug|Any CPU
		{158B1ABD-3F70-491F-953A-097911CDFB0F}.ExportRelease|Any CPU.ActiveCfg = ExportRelease|Any CPU
		{158B1ABD-3F70-491F-953A-097911CDFB0F}.ExportRelease|Any CPU.Build.0 = ExportRelease|Any CPU
	EndGlobalSection
EndGlobal
